
Microsoft Visual Studio Solution File, Format Version 12.00
# Blend for Visual Studio 15
VisualStudioVersion = 15.0.27130.2024
MinimumVisualStudioVersion = 10.0.40219.1
Project("{FAE04EC0-301F-11D3-BF4B-00C04F79EFBC}") = "ProjectD2", "ProjectD2.csproj", "{51779DC8-B4B2-4F42-8DB1-BE93D2591C24}"
EndProject
Global
	GlobalSection(SolutionConfigurationPlatforms) = preSolution
		Debug|Any CPU = Debug|Any CPU
		Release|Any CPU = Release|Any CPU
	EndGlobalSection
	GlobalSection(ProjectConfigurationPlatforms) = postSolution
		{51779DC8-B4B2-4F42-8DB1-BE93D2591C24}.Debug|Any CPU.ActiveCfg = Release|Any CPU
		{51779DC8-B4B2-4F42-8DB1-BE93D2591C24}.Debug|Any CPU.Build.0 = Release|Any CPU
		{51779DC8-B4B2-4F42-8DB1-BE93D2591C24}.Release|Any CPU.ActiveCfg = Release|Any CPU
		{51779DC8-B4B2-4F42-8DB1-BE93D2591C24}.Release|Any CPU.Build.0 = Release|Any CPU
	EndGlobalSection
	GlobalSection(SolutionProperties) = preSolution
		HideSolutionNode = FALSE
	EndGlobalSection
	GlobalSection(ExtensibilityGlobals) = postSolution
		SolutionGuid = {6E375B72-16C2-4E45-BE6B-3A6864EE8668}
	EndGlobalSection
EndGlobal
